
Microsoft Visual Studio Solution File, Format Version 12.00
# Visual Studio Version 16
VisualStudioVersion = 16.0.31702.278
MinimumVisualStudioVersion = 10.0.40219.1
Project("{FAE04EC0-301F-11D3-BF4B-00C04F79EFBC}") = "TCCPos", "TCCPos.csproj", "{4779DA48-BD48-4AEA-9A15-335254CE888E}"
EndProject
Global
	GlobalSection(SolutionConfigurationPlatforms) = preSolution
		Debug|Any CPU = Debug|Any CPU
		Release|Any CPU = Release|Any CPU
	EndGlobalSection
	GlobalSection(ProjectConfigurationPlatforms) = postSolution
		{4779DA48-BD48-4AEA-9A15-335254CE888E}.Debug|Any CPU.ActiveCfg = Debug|Any CPU
		{4779DA48-BD48-4AEA-9A15-335254CE888E}.Debug|Any CPU.Build.0 = Debug|Any CPU
		{4779DA48-BD48-4AEA-9A15-335254CE888E}.Release|Any CPU.ActiveCfg = Release|Any CPU
		{4779DA48-BD48-4AEA-9A15-335254CE888E}.Release|Any CPU.Build.0 = Release|Any CPU
	EndGlobalSection
	GlobalSection(SolutionProperties) = preSolution
		HideSolutionNode = FALSE
	EndGlobalSection
	GlobalSection(ExtensibilityGlobals) = postSolution
		SolutionGuid = {9126DF2F-AF4A-4BA1-BABC-25DF03B3AB46}
	EndGlobalSection
EndGlobal
